
Microsoft Visual Studio Solution File, Format Version 12.00
# Visual Studio Version 17
VisualStudioVersion = 17.4.33403.182
MinimumVisualStudioVersion = 10.0.40219.1
Project("{FAE04EC0-301F-11D3-BF4B-00C04F79EFBC}") = "leetcode_617", "leetcode_617\leetcode_617.csproj", "{A96EBE81-FFB6-4D5C-B72F-D677B9EA8FFC}"
EndProject
Global
	GlobalSection(SolutionConfigurationPlatforms) = preSolution
		Debug|Any CPU = Debug|Any CPU
		Release|Any CPU = Release|Any CPU
	EndGlobalSection
	GlobalSection(ProjectConfigurationPlatforms) = postSolution
		{A96EBE81-FFB6-4D5C-B72F-D677B9EA8FFC}.Debug|Any CPU.ActiveCfg = Debug|Any CPU
		{A96EBE81-FFB6-4D5C-B72F-D677B9EA8FFC}.Debug|Any CPU.Build.0 = Debug|Any CPU
		{A96EBE81-FFB6-4D5C-B72F-D677B9EA8FFC}.Release|Any CPU.ActiveCfg = Release|Any CPU
		{A96EBE81-FFB6-4D5C-B72F-D677B9EA8FFC}.Release|Any CPU.Build.0 = Release|Any CPU
	EndGlobalSection
	GlobalSection(SolutionProperties) = preSolution
		HideSolutionNode = FALSE
	EndGlobalSection
	GlobalSection(ExtensibilityGlobals) = postSolution
		SolutionGuid = {6636C7E3-F406-4549-B612-A7A02B2CFCDC}
	EndGlobalSection
EndGlobal
