
Microsoft Visual Studio Solution File, Format Version 12.00
# Visual Studio Version 17
VisualStudioVersion = 17.8.34525.116
MinimumVisualStudioVersion = 10.0.40219.1
Project("{FAE04EC0-301F-11D3-BF4B-00C04F79EFBC}") = "leetcode_1043", "leetcode_1043\leetcode_1043.csproj", "{E6E72D65-B662-4839-BB22-375F3B880014}"
EndProject
Global
	GlobalSection(SolutionConfigurationPlatforms) = preSolution
		Debug|Any CPU = Debug|Any CPU
		Release|Any CPU = Release|Any CPU
	EndGlobalSection
	GlobalSection(ProjectConfigurationPlatforms) = postSolution
		{E6E72D65-B662-4839-BB22-375F3B880014}.Debug|Any CPU.ActiveCfg = Debug|Any CPU
		{E6E72D65-B662-4839-BB22-375F3B880014}.Debug|Any CPU.Build.0 = Debug|Any CPU
		{E6E72D65-B662-4839-BB22-375F3B880014}.Release|Any CPU.ActiveCfg = Release|Any CPU
		{E6E72D65-B662-4839-BB22-375F3B880014}.Release|Any CPU.Build.0 = Release|Any CPU
	EndGlobalSection
	GlobalSection(SolutionProperties) = preSolution
		HideSolutionNode = FALSE
	EndGlobalSection
	GlobalSection(ExtensibilityGlobals) = postSolution
		SolutionGuid = {81233980-41D6-4007-BAF9-BE60F16B4D4B}
	EndGlobalSection
EndGlobal
