
Microsoft Visual Studio Solution File, Format Version 12.00
# Visual Studio Version 17
VisualStudioVersion = 17.9.34902.65
MinimumVisualStudioVersion = 10.0.40219.1
Project("{FAE04EC0-301F-11D3-BF4B-00C04F79EFBC}") = "leetcode_3110", "leetcode_3110\leetcode_3110.csproj", "{48BD90E0-BFF6-4134-B15A-38FD34D9D70A}"
EndProject
Global
	GlobalSection(SolutionConfigurationPlatforms) = preSolution
		Debug|Any CPU = Debug|Any CPU
		Release|Any CPU = Release|Any CPU
	EndGlobalSection
	GlobalSection(ProjectConfigurationPlatforms) = postSolution
		{48BD90E0-BFF6-4134-B15A-38FD34D9D70A}.Debug|Any CPU.ActiveCfg = Debug|Any CPU
		{48BD90E0-BFF6-4134-B15A-38FD34D9D70A}.Debug|Any CPU.Build.0 = Debug|Any CPU
		{48BD90E0-BFF6-4134-B15A-38FD34D9D70A}.Release|Any CPU.ActiveCfg = Release|Any CPU
		{48BD90E0-BFF6-4134-B15A-38FD34D9D70A}.Release|Any CPU.Build.0 = Release|Any CPU
	EndGlobalSection
	GlobalSection(SolutionProperties) = preSolution
		HideSolutionNode = FALSE
	EndGlobalSection
	GlobalSection(ExtensibilityGlobals) = postSolution
		SolutionGuid = {C77C067F-1D20-403C-9618-6032522B6DBF}
	EndGlobalSection
EndGlobal
