
Microsoft Visual Studio Solution File, Format Version 12.00
# Visual Studio Version 17
VisualStudioVersion = 17.2.32519.379
MinimumVisualStudioVersion = 10.0.40219.1
Project("{FAE04EC0-301F-11D3-BF4B-00C04F79EFBC}") = "leetcode_1342", "leetcode_1342\leetcode_1342.csproj", "{FDEFF3DD-8938-40E8-A3D6-78F5D3AD11C8}"
EndProject
Global
	GlobalSection(SolutionConfigurationPlatforms) = preSolution
		Debug|Any CPU = Debug|Any CPU
		Release|Any CPU = Release|Any CPU
	EndGlobalSection
	GlobalSection(ProjectConfigurationPlatforms) = postSolution
		{FDEFF3DD-8938-40E8-A3D6-78F5D3AD11C8}.Debug|Any CPU.ActiveCfg = Debug|Any CPU
		{FDEFF3DD-8938-40E8-A3D6-78F5D3AD11C8}.Debug|Any CPU.Build.0 = Debug|Any CPU
		{FDEFF3DD-8938-40E8-A3D6-78F5D3AD11C8}.Release|Any CPU.ActiveCfg = Release|Any CPU
		{FDEFF3DD-8938-40E8-A3D6-78F5D3AD11C8}.Release|Any CPU.Build.0 = Release|Any CPU
	EndGlobalSection
	GlobalSection(SolutionProperties) = preSolution
		HideSolutionNode = FALSE
	EndGlobalSection
	GlobalSection(ExtensibilityGlobals) = postSolution
		SolutionGuid = {F904EAAD-B3B6-4DDD-A58E-549CDC27D1E8}
	EndGlobalSection
EndGlobal
