
Microsoft Visual Studio Solution File, Format Version 12.00
# Visual Studio Version 17
VisualStudioVersion = 17.7.34221.43
MinimumVisualStudioVersion = 10.0.40219.1
Project("{FAE04EC0-301F-11D3-BF4B-00C04F79EFBC}") = "1535", "1535\1535.csproj", "{286ECE7A-2F6F-4F3A-8861-46C960A65A11}"
EndProject
Global
	GlobalSection(SolutionConfigurationPlatforms) = preSolution
		Debug|Any CPU = Debug|Any CPU
		Release|Any CPU = Release|Any CPU
	EndGlobalSection
	GlobalSection(ProjectConfigurationPlatforms) = postSolution
		{286ECE7A-2F6F-4F3A-8861-46C960A65A11}.Debug|Any CPU.ActiveCfg = Debug|Any CPU
		{286ECE7A-2F6F-4F3A-8861-46C960A65A11}.Debug|Any CPU.Build.0 = Debug|Any CPU
		{286ECE7A-2F6F-4F3A-8861-46C960A65A11}.Release|Any CPU.ActiveCfg = Release|Any CPU
		{286ECE7A-2F6F-4F3A-8861-46C960A65A11}.Release|Any CPU.Build.0 = Release|Any CPU
	EndGlobalSection
	GlobalSection(SolutionProperties) = preSolution
		HideSolutionNode = FALSE
	EndGlobalSection
	GlobalSection(ExtensibilityGlobals) = postSolution
		SolutionGuid = {BEFF5BB6-C780-473F-BBBC-B136E8A2AEB2}
	EndGlobalSection
EndGlobal
