
Microsoft Visual Studio Solution File, Format Version 12.00
# Visual Studio Version 17
VisualStudioVersion = 17.13.35818.85 d17.13
MinimumVisualStudioVersion = 10.0.40219.1
Project("{FAE04EC0-301F-11D3-BF4B-00C04F79EFBC}") = "leetcode_075", "leetcode_075\leetcode_075.csproj", "{BFFAF740-A9EC-447E-A1F2-51073370AB1D}"
EndProject
Global
	GlobalSection(SolutionConfigurationPlatforms) = preSolution
		Debug|Any CPU = Debug|Any CPU
		Release|Any CPU = Release|Any CPU
	EndGlobalSection
	GlobalSection(ProjectConfigurationPlatforms) = postSolution
		{BFFAF740-A9EC-447E-A1F2-51073370AB1D}.Debug|Any CPU.ActiveCfg = Debug|Any CPU
		{BFFAF740-A9EC-447E-A1F2-51073370AB1D}.Debug|Any CPU.Build.0 = Debug|Any CPU
		{BFFAF740-A9EC-447E-A1F2-51073370AB1D}.Release|Any CPU.ActiveCfg = Release|Any CPU
		{BFFAF740-A9EC-447E-A1F2-51073370AB1D}.Release|Any CPU.Build.0 = Release|Any CPU
	EndGlobalSection
	GlobalSection(SolutionProperties) = preSolution
		HideSolutionNode = FALSE
	EndGlobalSection
	GlobalSection(ExtensibilityGlobals) = postSolution
		SolutionGuid = {8A41DB20-BBA9-46FF-985F-9A49336C151D}
	EndGlobalSection
EndGlobal
