
Microsoft Visual Studio Solution File, Format Version 12.00
# Visual Studio Version 17
VisualStudioVersion = 17.9.34622.214
MinimumVisualStudioVersion = 10.0.40219.1
Project("{FAE04EC0-301F-11D3-BF4B-00C04F79EFBC}") = "leetcode_2129", "leetcode_2129\leetcode_2129.csproj", "{8F040764-6C37-42E1-AAE7-9B23E92BF4CA}"
EndProject
Global
	GlobalSection(SolutionConfigurationPlatforms) = preSolution
		Debug|Any CPU = Debug|Any CPU
		Release|Any CPU = Release|Any CPU
	EndGlobalSection
	GlobalSection(ProjectConfigurationPlatforms) = postSolution
		{8F040764-6C37-42E1-AAE7-9B23E92BF4CA}.Debug|Any CPU.ActiveCfg = Debug|Any CPU
		{8F040764-6C37-42E1-AAE7-9B23E92BF4CA}.Debug|Any CPU.Build.0 = Debug|Any CPU
		{8F040764-6C37-42E1-AAE7-9B23E92BF4CA}.Release|Any CPU.ActiveCfg = Release|Any CPU
		{8F040764-6C37-42E1-AAE7-9B23E92BF4CA}.Release|Any CPU.Build.0 = Release|Any CPU
	EndGlobalSection
	GlobalSection(SolutionProperties) = preSolution
		HideSolutionNode = FALSE
	EndGlobalSection
	GlobalSection(ExtensibilityGlobals) = postSolution
		SolutionGuid = {8500EE8C-FB05-470C-B575-FCD05BE125DA}
	EndGlobalSection
EndGlobal
