
Microsoft Visual Studio Solution File, Format Version 12.00
# Visual Studio Version 17
VisualStudioVersion = 17.9.34701.34
MinimumVisualStudioVersion = 10.0.40219.1
Project("{FAE04EC0-301F-11D3-BF4B-00C04F79EFBC}") = "leetcode_2485", "leetcode_2485\leetcode_2485.csproj", "{852DA9AE-04D1-4CAE-837D-72ED3E37D4FF}"
EndProject
Global
	GlobalSection(SolutionConfigurationPlatforms) = preSolution
		Debug|Any CPU = Debug|Any CPU
		Release|Any CPU = Release|Any CPU
	EndGlobalSection
	GlobalSection(ProjectConfigurationPlatforms) = postSolution
		{852DA9AE-04D1-4CAE-837D-72ED3E37D4FF}.Debug|Any CPU.ActiveCfg = Debug|Any CPU
		{852DA9AE-04D1-4CAE-837D-72ED3E37D4FF}.Debug|Any CPU.Build.0 = Debug|Any CPU
		{852DA9AE-04D1-4CAE-837D-72ED3E37D4FF}.Release|Any CPU.ActiveCfg = Release|Any CPU
		{852DA9AE-04D1-4CAE-837D-72ED3E37D4FF}.Release|Any CPU.Build.0 = Release|Any CPU
	EndGlobalSection
	GlobalSection(SolutionProperties) = preSolution
		HideSolutionNode = FALSE
	EndGlobalSection
	GlobalSection(ExtensibilityGlobals) = postSolution
		SolutionGuid = {3E3DE422-F4CC-4CE8-A8F1-79B542AC4BEB}
	EndGlobalSection
EndGlobal
