
Microsoft Visual Studio Solution File, Format Version 12.00
# Visual Studio Version 17
VisualStudioVersion = 17.4.33403.182
MinimumVisualStudioVersion = 10.0.40219.1
Project("{FAE04EC0-301F-11D3-BF4B-00C04F79EFBC}") = "leetcode_055", "leetcode_055\leetcode_055.csproj", "{0EB656F6-6F30-4B0B-BB55-11F97C527FDB}"
EndProject
Global
	GlobalSection(SolutionConfigurationPlatforms) = preSolution
		Debug|Any CPU = Debug|Any CPU
		Release|Any CPU = Release|Any CPU
	EndGlobalSection
	GlobalSection(ProjectConfigurationPlatforms) = postSolution
		{0EB656F6-6F30-4B0B-BB55-11F97C527FDB}.Debug|Any CPU.ActiveCfg = Debug|Any CPU
		{0EB656F6-6F30-4B0B-BB55-11F97C527FDB}.Debug|Any CPU.Build.0 = Debug|Any CPU
		{0EB656F6-6F30-4B0B-BB55-11F97C527FDB}.Release|Any CPU.ActiveCfg = Release|Any CPU
		{0EB656F6-6F30-4B0B-BB55-11F97C527FDB}.Release|Any CPU.Build.0 = Release|Any CPU
	EndGlobalSection
	GlobalSection(SolutionProperties) = preSolution
		HideSolutionNode = FALSE
	EndGlobalSection
	GlobalSection(ExtensibilityGlobals) = postSolution
		SolutionGuid = {62131F71-4589-463C-810C-F4EF03D772AE}
	EndGlobalSection
EndGlobal
