
Microsoft Visual Studio Solution File, Format Version 12.00
# Visual Studio Version 17
VisualStudioVersion = 17.4.33110.190
MinimumVisualStudioVersion = 10.0.40219.1
Project("{FAE04EC0-301F-11D3-BF4B-00C04F79EFBC}") = "leetcode_279", "leetcode_279\leetcode_279.csproj", "{F19C7BA9-9A78-4248-86DF-773ABA9BE3B9}"
EndProject
Global
	GlobalSection(SolutionConfigurationPlatforms) = preSolution
		Debug|Any CPU = Debug|Any CPU
		Release|Any CPU = Release|Any CPU
	EndGlobalSection
	GlobalSection(ProjectConfigurationPlatforms) = postSolution
		{F19C7BA9-9A78-4248-86DF-773ABA9BE3B9}.Debug|Any CPU.ActiveCfg = Debug|Any CPU
		{F19C7BA9-9A78-4248-86DF-773ABA9BE3B9}.Debug|Any CPU.Build.0 = Debug|Any CPU
		{F19C7BA9-9A78-4248-86DF-773ABA9BE3B9}.Release|Any CPU.ActiveCfg = Release|Any CPU
		{F19C7BA9-9A78-4248-86DF-773ABA9BE3B9}.Release|Any CPU.Build.0 = Release|Any CPU
	EndGlobalSection
	GlobalSection(SolutionProperties) = preSolution
		HideSolutionNode = FALSE
	EndGlobalSection
	GlobalSection(ExtensibilityGlobals) = postSolution
		SolutionGuid = {A1544CF9-6801-4408-9023-6098B857E852}
	EndGlobalSection
EndGlobal
