
Microsoft Visual Studio Solution File, Format Version 12.00
# Visual Studio Version 17
VisualStudioVersion = 17.10.35201.131
MinimumVisualStudioVersion = 10.0.40219.1
Project("{FAE04EC0-301F-11D3-BF4B-00C04F79EFBC}") = "leetcode_650", "leetcode_650\leetcode_650.csproj", "{32AB6D2E-ABB3-45D0-A7E5-5651BCAC03AF}"
EndProject
Global
	GlobalSection(SolutionConfigurationPlatforms) = preSolution
		Debug|Any CPU = Debug|Any CPU
		Release|Any CPU = Release|Any CPU
	EndGlobalSection
	GlobalSection(ProjectConfigurationPlatforms) = postSolution
		{32AB6D2E-ABB3-45D0-A7E5-5651BCAC03AF}.Debug|Any CPU.ActiveCfg = Debug|Any CPU
		{32AB6D2E-ABB3-45D0-A7E5-5651BCAC03AF}.Debug|Any CPU.Build.0 = Debug|Any CPU
		{32AB6D2E-ABB3-45D0-A7E5-5651BCAC03AF}.Release|Any CPU.ActiveCfg = Release|Any CPU
		{32AB6D2E-ABB3-45D0-A7E5-5651BCAC03AF}.Release|Any CPU.Build.0 = Release|Any CPU
	EndGlobalSection
	GlobalSection(SolutionProperties) = preSolution
		HideSolutionNode = FALSE
	EndGlobalSection
	GlobalSection(ExtensibilityGlobals) = postSolution
		SolutionGuid = {E7CED761-1CE0-4CAA-8F9B-9D2C4B2A9530}
	EndGlobalSection
EndGlobal
