
Microsoft Visual Studio Solution File, Format Version 12.00
# Visual Studio Version 17
VisualStudioVersion = 17.4.33213.308
MinimumVisualStudioVersion = 10.0.40219.1
Project("{FAE04EC0-301F-11D3-BF4B-00C04F79EFBC}") = "leetcode_953", "leetcode_953\leetcode_953.csproj", "{8CD0E36F-1B39-47DB-97FE-7FA0BF182946}"
EndProject
Global
	GlobalSection(SolutionConfigurationPlatforms) = preSolution
		Debug|Any CPU = Debug|Any CPU
		Release|Any CPU = Release|Any CPU
	EndGlobalSection
	GlobalSection(ProjectConfigurationPlatforms) = postSolution
		{8CD0E36F-1B39-47DB-97FE-7FA0BF182946}.Debug|Any CPU.ActiveCfg = Debug|Any CPU
		{8CD0E36F-1B39-47DB-97FE-7FA0BF182946}.Debug|Any CPU.Build.0 = Debug|Any CPU
		{8CD0E36F-1B39-47DB-97FE-7FA0BF182946}.Release|Any CPU.ActiveCfg = Release|Any CPU
		{8CD0E36F-1B39-47DB-97FE-7FA0BF182946}.Release|Any CPU.Build.0 = Release|Any CPU
	EndGlobalSection
	GlobalSection(SolutionProperties) = preSolution
		HideSolutionNode = FALSE
	EndGlobalSection
	GlobalSection(ExtensibilityGlobals) = postSolution
		SolutionGuid = {B7309E75-DD54-4AC7-9ACE-2F56E935351B}
	EndGlobalSection
EndGlobal
