
Microsoft Visual Studio Solution File, Format Version 12.00
# Visual Studio Version 17
VisualStudioVersion = 17.8.34330.188
MinimumVisualStudioVersion = 10.0.40219.1
Project("{FAE04EC0-301F-11D3-BF4B-00C04F79EFBC}") = "leetcode_1897", "leetcode_1897\leetcode_1897.csproj", "{5573CC6C-DE75-4A9B-9CB5-2DF663372072}"
EndProject
Global
	GlobalSection(SolutionConfigurationPlatforms) = preSolution
		Debug|Any CPU = Debug|Any CPU
		Release|Any CPU = Release|Any CPU
	EndGlobalSection
	GlobalSection(ProjectConfigurationPlatforms) = postSolution
		{5573CC6C-DE75-4A9B-9CB5-2DF663372072}.Debug|Any CPU.ActiveCfg = Debug|Any CPU
		{5573CC6C-DE75-4A9B-9CB5-2DF663372072}.Debug|Any CPU.Build.0 = Debug|Any CPU
		{5573CC6C-DE75-4A9B-9CB5-2DF663372072}.Release|Any CPU.ActiveCfg = Release|Any CPU
		{5573CC6C-DE75-4A9B-9CB5-2DF663372072}.Release|Any CPU.Build.0 = Release|Any CPU
	EndGlobalSection
	GlobalSection(SolutionProperties) = preSolution
		HideSolutionNode = FALSE
	EndGlobalSection
	GlobalSection(ExtensibilityGlobals) = postSolution
		SolutionGuid = {4652B5A4-535D-4322-8A7A-9731C115CA35}
	EndGlobalSection
EndGlobal
