
Microsoft Visual Studio Solution File, Format Version 12.00
# Visual Studio Version 17
VisualStudioVersion = 17.4.33213.308
MinimumVisualStudioVersion = 10.0.40219.1
Project("{FAE04EC0-301F-11D3-BF4B-00C04F79EFBC}") = "leetcode_1527", "leetcode_1527\leetcode_1527.csproj", "{7C7C8202-3A79-4FF1-9D3E-E4FD1016F387}"
EndProject
Global
	GlobalSection(SolutionConfigurationPlatforms) = preSolution
		Debug|Any CPU = Debug|Any CPU
		Release|Any CPU = Release|Any CPU
	EndGlobalSection
	GlobalSection(ProjectConfigurationPlatforms) = postSolution
		{7C7C8202-3A79-4FF1-9D3E-E4FD1016F387}.Debug|Any CPU.ActiveCfg = Debug|Any CPU
		{7C7C8202-3A79-4FF1-9D3E-E4FD1016F387}.Debug|Any CPU.Build.0 = Debug|Any CPU
		{7C7C8202-3A79-4FF1-9D3E-E4FD1016F387}.Release|Any CPU.ActiveCfg = Release|Any CPU
		{7C7C8202-3A79-4FF1-9D3E-E4FD1016F387}.Release|Any CPU.Build.0 = Release|Any CPU
	EndGlobalSection
	GlobalSection(SolutionProperties) = preSolution
		HideSolutionNode = FALSE
	EndGlobalSection
	GlobalSection(ExtensibilityGlobals) = postSolution
		SolutionGuid = {BE6DE833-6D67-48C9-B22F-5B4BC5D05DF1}
	EndGlobalSection
EndGlobal
