
Microsoft Visual Studio Solution File, Format Version 12.00
# Visual Studio Version 17
VisualStudioVersion = 17.3.32929.385
MinimumVisualStudioVersion = 10.0.40219.1
Project("{FAE04EC0-301F-11D3-BF4B-00C04F79EFBC}") = "leetcode_1544", "leetcode_1544\leetcode_1544.csproj", "{FAE0AEE7-C5A8-4A06-9C72-3D83DEFE72A8}"
EndProject
Global
	GlobalSection(SolutionConfigurationPlatforms) = preSolution
		Debug|Any CPU = Debug|Any CPU
		Release|Any CPU = Release|Any CPU
	EndGlobalSection
	GlobalSection(ProjectConfigurationPlatforms) = postSolution
		{FAE0AEE7-C5A8-4A06-9C72-3D83DEFE72A8}.Debug|Any CPU.ActiveCfg = Debug|Any CPU
		{FAE0AEE7-C5A8-4A06-9C72-3D83DEFE72A8}.Debug|Any CPU.Build.0 = Debug|Any CPU
		{FAE0AEE7-C5A8-4A06-9C72-3D83DEFE72A8}.Release|Any CPU.ActiveCfg = Release|Any CPU
		{FAE0AEE7-C5A8-4A06-9C72-3D83DEFE72A8}.Release|Any CPU.Build.0 = Release|Any CPU
	EndGlobalSection
	GlobalSection(SolutionProperties) = preSolution
		HideSolutionNode = FALSE
	EndGlobalSection
	GlobalSection(ExtensibilityGlobals) = postSolution
		SolutionGuid = {83273BA6-0433-4F85-9668-286293E32E60}
	EndGlobalSection
EndGlobal
