
Microsoft Visual Studio Solution File, Format Version 12.00
# Visual Studio Version 17
VisualStudioVersion = 17.4.33205.214
MinimumVisualStudioVersion = 10.0.40219.1
Project("{FAE04EC0-301F-11D3-BF4B-00C04F79EFBC}") = "leetcode232", "leetcode232\leetcode232.csproj", "{5F81A30D-85B5-47AC-B703-ED71B2D40E8B}"
EndProject
Global
	GlobalSection(SolutionConfigurationPlatforms) = preSolution
		Debug|Any CPU = Debug|Any CPU
		Release|Any CPU = Release|Any CPU
	EndGlobalSection
	GlobalSection(ProjectConfigurationPlatforms) = postSolution
		{5F81A30D-85B5-47AC-B703-ED71B2D40E8B}.Debug|Any CPU.ActiveCfg = Debug|Any CPU
		{5F81A30D-85B5-47AC-B703-ED71B2D40E8B}.Debug|Any CPU.Build.0 = Debug|Any CPU
		{5F81A30D-85B5-47AC-B703-ED71B2D40E8B}.Release|Any CPU.ActiveCfg = Release|Any CPU
		{5F81A30D-85B5-47AC-B703-ED71B2D40E8B}.Release|Any CPU.Build.0 = Release|Any CPU
	EndGlobalSection
	GlobalSection(SolutionProperties) = preSolution
		HideSolutionNode = FALSE
	EndGlobalSection
	GlobalSection(ExtensibilityGlobals) = postSolution
		SolutionGuid = {A8AB1FD1-F627-4E26-9A5D-C97E585AEE45}
	EndGlobalSection
EndGlobal
