
Microsoft Visual Studio Solution File, Format Version 12.00
# Visual Studio Version 17
VisualStudioVersion = 17.10.35122.118
MinimumVisualStudioVersion = 10.0.40219.1
Project("{FAE04EC0-301F-11D3-BF4B-00C04F79EFBC}") = "leetcode_012", "leetcode_012\leetcode_012.csproj", "{9E16437F-CC96-4B7E-826A-33FB87D907A7}"
EndProject
Global
	GlobalSection(SolutionConfigurationPlatforms) = preSolution
		Debug|Any CPU = Debug|Any CPU
		Release|Any CPU = Release|Any CPU
	EndGlobalSection
	GlobalSection(ProjectConfigurationPlatforms) = postSolution
		{9E16437F-CC96-4B7E-826A-33FB87D907A7}.Debug|Any CPU.ActiveCfg = Debug|Any CPU
		{9E16437F-CC96-4B7E-826A-33FB87D907A7}.Debug|Any CPU.Build.0 = Debug|Any CPU
		{9E16437F-CC96-4B7E-826A-33FB87D907A7}.Release|Any CPU.ActiveCfg = Release|Any CPU
		{9E16437F-CC96-4B7E-826A-33FB87D907A7}.Release|Any CPU.Build.0 = Release|Any CPU
	EndGlobalSection
	GlobalSection(SolutionProperties) = preSolution
		HideSolutionNode = FALSE
	EndGlobalSection
	GlobalSection(ExtensibilityGlobals) = postSolution
		SolutionGuid = {75C54C68-57F5-4A01-BF1E-924CAD617692}
	EndGlobalSection
EndGlobal
