
Microsoft Visual Studio Solution File, Format Version 12.00
# Visual Studio Version 17
VisualStudioVersion = 17.7.34302.85
MinimumVisualStudioVersion = 10.0.40219.1
Project("{FAE04EC0-301F-11D3-BF4B-00C04F79EFBC}") = "leetcode_1887", "leetcode_1887\leetcode_1887.csproj", "{2E65050A-36C0-4627-931A-C064B1C980E8}"
EndProject
Global
	GlobalSection(SolutionConfigurationPlatforms) = preSolution
		Debug|Any CPU = Debug|Any CPU
		Release|Any CPU = Release|Any CPU
	EndGlobalSection
	GlobalSection(ProjectConfigurationPlatforms) = postSolution
		{2E65050A-36C0-4627-931A-C064B1C980E8}.Debug|Any CPU.ActiveCfg = Debug|Any CPU
		{2E65050A-36C0-4627-931A-C064B1C980E8}.Debug|Any CPU.Build.0 = Debug|Any CPU
		{2E65050A-36C0-4627-931A-C064B1C980E8}.Release|Any CPU.ActiveCfg = Release|Any CPU
		{2E65050A-36C0-4627-931A-C064B1C980E8}.Release|Any CPU.Build.0 = Release|Any CPU
	EndGlobalSection
	GlobalSection(SolutionProperties) = preSolution
		HideSolutionNode = FALSE
	EndGlobalSection
	GlobalSection(ExtensibilityGlobals) = postSolution
		SolutionGuid = {98F2E031-03C7-42E2-AAB2-A1A1A9C5C285}
	EndGlobalSection
EndGlobal
