
Microsoft Visual Studio Solution File, Format Version 12.00
# Visual Studio Version 17
VisualStudioVersion = 17.4.33205.214
MinimumVisualStudioVersion = 10.0.40219.1
Project("{FAE04EC0-301F-11D3-BF4B-00C04F79EFBC}") = "leetcode_452", "leetcode_452\leetcode_452.csproj", "{E18F41D8-908E-484D-BDD8-A26E93698083}"
EndProject
Global
	GlobalSection(SolutionConfigurationPlatforms) = preSolution
		Debug|Any CPU = Debug|Any CPU
		Release|Any CPU = Release|Any CPU
	EndGlobalSection
	GlobalSection(ProjectConfigurationPlatforms) = postSolution
		{E18F41D8-908E-484D-BDD8-A26E93698083}.Debug|Any CPU.ActiveCfg = Debug|Any CPU
		{E18F41D8-908E-484D-BDD8-A26E93698083}.Debug|Any CPU.Build.0 = Debug|Any CPU
		{E18F41D8-908E-484D-BDD8-A26E93698083}.Release|Any CPU.ActiveCfg = Release|Any CPU
		{E18F41D8-908E-484D-BDD8-A26E93698083}.Release|Any CPU.Build.0 = Release|Any CPU
	EndGlobalSection
	GlobalSection(SolutionProperties) = preSolution
		HideSolutionNode = FALSE
	EndGlobalSection
	GlobalSection(ExtensibilityGlobals) = postSolution
		SolutionGuid = {35DB71DE-69D6-4853-B71C-71AD00434A45}
	EndGlobalSection
EndGlobal
