
Microsoft Visual Studio Solution File, Format Version 12.00
# Visual Studio Version 17
VisualStudioVersion = 17.6.33723.286
MinimumVisualStudioVersion = 10.0.40219.1
Project("{FAE04EC0-301F-11D3-BF4B-00C04F79EFBC}") = "不規則陣列", "不規則陣列\不規則陣列.csproj", "{220D17F0-4B12-45C8-AB90-6D10C9B40CA5}"
EndProject
Global
	GlobalSection(SolutionConfigurationPlatforms) = preSolution
		Debug|Any CPU = Debug|Any CPU
		Release|Any CPU = Release|Any CPU
	EndGlobalSection
	GlobalSection(ProjectConfigurationPlatforms) = postSolution
		{220D17F0-4B12-45C8-AB90-6D10C9B40CA5}.Debug|Any CPU.ActiveCfg = Debug|Any CPU
		{220D17F0-4B12-45C8-AB90-6D10C9B40CA5}.Debug|Any CPU.Build.0 = Debug|Any CPU
		{220D17F0-4B12-45C8-AB90-6D10C9B40CA5}.Release|Any CPU.ActiveCfg = Release|Any CPU
		{220D17F0-4B12-45C8-AB90-6D10C9B40CA5}.Release|Any CPU.Build.0 = Release|Any CPU
	EndGlobalSection
	GlobalSection(SolutionProperties) = preSolution
		HideSolutionNode = FALSE
	EndGlobalSection
	GlobalSection(ExtensibilityGlobals) = postSolution
		SolutionGuid = {E8615B68-3F0C-4C08-9D24-EFC8D5A2610F}
	EndGlobalSection
EndGlobal
