
Microsoft Visual Studio Solution File, Format Version 12.00
# Visual Studio Version 17
VisualStudioVersion = 17.10.35122.118
MinimumVisualStudioVersion = 10.0.40219.1
Project("{FAE04EC0-301F-11D3-BF4B-00C04F79EFBC}") = "leetcode_2976", "leetcode_2976\leetcode_2976.csproj", "{23BFB5B7-7297-4BEE-B006-E1C63910D386}"
EndProject
Global
	GlobalSection(SolutionConfigurationPlatforms) = preSolution
		Debug|Any CPU = Debug|Any CPU
		Release|Any CPU = Release|Any CPU
	EndGlobalSection
	GlobalSection(ProjectConfigurationPlatforms) = postSolution
		{23BFB5B7-7297-4BEE-B006-E1C63910D386}.Debug|Any CPU.ActiveCfg = Debug|Any CPU
		{23BFB5B7-7297-4BEE-B006-E1C63910D386}.Debug|Any CPU.Build.0 = Debug|Any CPU
		{23BFB5B7-7297-4BEE-B006-E1C63910D386}.Release|Any CPU.ActiveCfg = Release|Any CPU
		{23BFB5B7-7297-4BEE-B006-E1C63910D386}.Release|Any CPU.Build.0 = Release|Any CPU
	EndGlobalSection
	GlobalSection(SolutionProperties) = preSolution
		HideSolutionNode = FALSE
	EndGlobalSection
	GlobalSection(ExtensibilityGlobals) = postSolution
		SolutionGuid = {A8219C7C-E7DF-4F53-8093-92094B94068A}
	EndGlobalSection
EndGlobal
