
Microsoft Visual Studio Solution File, Format Version 12.00
# Visual Studio Version 17
VisualStudioVersion = 17.10.35004.147
MinimumVisualStudioVersion = 10.0.40219.1
Project("{FAE04EC0-301F-11D3-BF4B-00C04F79EFBC}") = "leetcode_2037", "leetcode_2037\leetcode_2037.csproj", "{B3BEAC89-196E-4600-97F6-6BDEA25559C6}"
EndProject
Global
	GlobalSection(SolutionConfigurationPlatforms) = preSolution
		Debug|Any CPU = Debug|Any CPU
		Release|Any CPU = Release|Any CPU
	EndGlobalSection
	GlobalSection(ProjectConfigurationPlatforms) = postSolution
		{B3BEAC89-196E-4600-97F6-6BDEA25559C6}.Debug|Any CPU.ActiveCfg = Debug|Any CPU
		{B3BEAC89-196E-4600-97F6-6BDEA25559C6}.Debug|Any CPU.Build.0 = Debug|Any CPU
		{B3BEAC89-196E-4600-97F6-6BDEA25559C6}.Release|Any CPU.ActiveCfg = Release|Any CPU
		{B3BEAC89-196E-4600-97F6-6BDEA25559C6}.Release|Any CPU.Build.0 = Release|Any CPU
	EndGlobalSection
	GlobalSection(SolutionProperties) = preSolution
		HideSolutionNode = FALSE
	EndGlobalSection
	GlobalSection(ExtensibilityGlobals) = postSolution
		SolutionGuid = {9B607EDF-E278-4AEC-B17F-50D0F3C91EB0}
	EndGlobalSection
EndGlobal
