
Microsoft Visual Studio Solution File, Format Version 12.00
# Visual Studio Version 17
VisualStudioVersion = 17.2.32516.85
MinimumVisualStudioVersion = 10.0.40219.1
Project("{FAE04EC0-301F-11D3-BF4B-00C04F79EFBC}") = "leetcode_206", "leetcode_206\leetcode_206.csproj", "{9E23775E-AE46-4B69-BCAF-BB592384B093}"
EndProject
Global
	GlobalSection(SolutionConfigurationPlatforms) = preSolution
		Debug|Any CPU = Debug|Any CPU
		Release|Any CPU = Release|Any CPU
	EndGlobalSection
	GlobalSection(ProjectConfigurationPlatforms) = postSolution
		{9E23775E-AE46-4B69-BCAF-BB592384B093}.Debug|Any CPU.ActiveCfg = Debug|Any CPU
		{9E23775E-AE46-4B69-BCAF-BB592384B093}.Debug|Any CPU.Build.0 = Debug|Any CPU
		{9E23775E-AE46-4B69-BCAF-BB592384B093}.Release|Any CPU.ActiveCfg = Release|Any CPU
		{9E23775E-AE46-4B69-BCAF-BB592384B093}.Release|Any CPU.Build.0 = Release|Any CPU
	EndGlobalSection
	GlobalSection(SolutionProperties) = preSolution
		HideSolutionNode = FALSE
	EndGlobalSection
	GlobalSection(ExtensibilityGlobals) = postSolution
		SolutionGuid = {C5FBA36C-EE46-4C9D-8A82-D0EB36E404D1}
	EndGlobalSection
EndGlobal
