
Microsoft Visual Studio Solution File, Format Version 12.00
# Visual Studio Version 17
VisualStudioVersion = 17.7.34202.233
MinimumVisualStudioVersion = 10.0.40219.1
Project("{FAE04EC0-301F-11D3-BF4B-00C04F79EFBC}") = "leetcode_1137", "leetcode_1137\leetcode_1137.csproj", "{1E734357-0576-4BFB-A581-9334F9A9265B}"
EndProject
Global
	GlobalSection(SolutionConfigurationPlatforms) = preSolution
		Debug|Any CPU = Debug|Any CPU
		Release|Any CPU = Release|Any CPU
	EndGlobalSection
	GlobalSection(ProjectConfigurationPlatforms) = postSolution
		{1E734357-0576-4BFB-A581-9334F9A9265B}.Debug|Any CPU.ActiveCfg = Debug|Any CPU
		{1E734357-0576-4BFB-A581-9334F9A9265B}.Debug|Any CPU.Build.0 = Debug|Any CPU
		{1E734357-0576-4BFB-A581-9334F9A9265B}.Release|Any CPU.ActiveCfg = Release|Any CPU
		{1E734357-0576-4BFB-A581-9334F9A9265B}.Release|Any CPU.Build.0 = Release|Any CPU
	EndGlobalSection
	GlobalSection(SolutionProperties) = preSolution
		HideSolutionNode = FALSE
	EndGlobalSection
	GlobalSection(ExtensibilityGlobals) = postSolution
		SolutionGuid = {687D2383-D7DC-4FD2-AC12-0D3565582CE6}
	EndGlobalSection
EndGlobal
