
Microsoft Visual Studio Solution File, Format Version 12.00
# Visual Studio Version 17
VisualStudioVersion = 17.13.35806.99 d17.13
MinimumVisualStudioVersion = 10.0.40219.1
Project("{FAE04EC0-301F-11D3-BF4B-00C04F79EFBC}") = "leetcode_046", "leetcode_046\leetcode_046.csproj", "{939EF32C-9D87-4CE3-8B7E-F0382A3722C0}"
EndProject
Global
	GlobalSection(SolutionConfigurationPlatforms) = preSolution
		Debug|Any CPU = Debug|Any CPU
		Release|Any CPU = Release|Any CPU
	EndGlobalSection
	GlobalSection(ProjectConfigurationPlatforms) = postSolution
		{939EF32C-9D87-4CE3-8B7E-F0382A3722C0}.Debug|Any CPU.ActiveCfg = Debug|Any CPU
		{939EF32C-9D87-4CE3-8B7E-F0382A3722C0}.Debug|Any CPU.Build.0 = Debug|Any CPU
		{939EF32C-9D87-4CE3-8B7E-F0382A3722C0}.Release|Any CPU.ActiveCfg = Release|Any CPU
		{939EF32C-9D87-4CE3-8B7E-F0382A3722C0}.Release|Any CPU.Build.0 = Release|Any CPU
	EndGlobalSection
	GlobalSection(SolutionProperties) = preSolution
		HideSolutionNode = FALSE
	EndGlobalSection
	GlobalSection(ExtensibilityGlobals) = postSolution
		SolutionGuid = {7DB2E285-DBD3-4113-A399-95C4D5D12BA3}
	EndGlobalSection
EndGlobal
