
Microsoft Visual Studio Solution File, Format Version 12.00
# Visual Studio Version 17
VisualStudioVersion = 17.7.34003.232
MinimumVisualStudioVersion = 10.0.40219.1
Project("{FAE04EC0-301F-11D3-BF4B-00C04F79EFBC}") = "leetcode_080", "leetcode_080\leetcode_080.csproj", "{8A05DD26-215E-403A-BD4E-CDCB93A05458}"
EndProject
Global
	GlobalSection(SolutionConfigurationPlatforms) = preSolution
		Debug|Any CPU = Debug|Any CPU
		Release|Any CPU = Release|Any CPU
	EndGlobalSection
	GlobalSection(ProjectConfigurationPlatforms) = postSolution
		{8A05DD26-215E-403A-BD4E-CDCB93A05458}.Debug|Any CPU.ActiveCfg = Debug|Any CPU
		{8A05DD26-215E-403A-BD4E-CDCB93A05458}.Debug|Any CPU.Build.0 = Debug|Any CPU
		{8A05DD26-215E-403A-BD4E-CDCB93A05458}.Release|Any CPU.ActiveCfg = Release|Any CPU
		{8A05DD26-215E-403A-BD4E-CDCB93A05458}.Release|Any CPU.Build.0 = Release|Any CPU
	EndGlobalSection
	GlobalSection(SolutionProperties) = preSolution
		HideSolutionNode = FALSE
	EndGlobalSection
	GlobalSection(ExtensibilityGlobals) = postSolution
		SolutionGuid = {CEF1BD62-C378-437B-A1B7-F8B06DEAFDBB}
	EndGlobalSection
EndGlobal
