
Microsoft Visual Studio Solution File, Format Version 12.00
# Visual Studio Version 17
VisualStudioVersion = 17.5.33530.505
MinimumVisualStudioVersion = 10.0.40219.1
Project("{FAE04EC0-301F-11D3-BF4B-00C04F79EFBC}") = "leetcode_1768", "leetcode_1768\leetcode_1768.csproj", "{B807E683-6303-4376-B0C9-D3FE2A0D5114}"
EndProject
Global
	GlobalSection(SolutionConfigurationPlatforms) = preSolution
		Debug|Any CPU = Debug|Any CPU
		Release|Any CPU = Release|Any CPU
	EndGlobalSection
	GlobalSection(ProjectConfigurationPlatforms) = postSolution
		{B807E683-6303-4376-B0C9-D3FE2A0D5114}.Debug|Any CPU.ActiveCfg = Debug|Any CPU
		{B807E683-6303-4376-B0C9-D3FE2A0D5114}.Debug|Any CPU.Build.0 = Debug|Any CPU
		{B807E683-6303-4376-B0C9-D3FE2A0D5114}.Release|Any CPU.ActiveCfg = Release|Any CPU
		{B807E683-6303-4376-B0C9-D3FE2A0D5114}.Release|Any CPU.Build.0 = Release|Any CPU
	EndGlobalSection
	GlobalSection(SolutionProperties) = preSolution
		HideSolutionNode = FALSE
	EndGlobalSection
	GlobalSection(ExtensibilityGlobals) = postSolution
		SolutionGuid = {593F48DD-2AEF-4601-894F-DC60DD3B7E69}
	EndGlobalSection
EndGlobal
