
Microsoft Visual Studio Solution File, Format Version 12.00
# Visual Studio Version 17
VisualStudioVersion = 17.12.35527.113 d17.12
MinimumVisualStudioVersion = 10.0.40219.1
Project("{FAE04EC0-301F-11D3-BF4B-00C04F79EFBC}") = "leetcode_733", "leetcode_733\leetcode_733.csproj", "{1CCF04AC-8D0B-4CE5-9107-2F5090F4D45A}"
EndProject
Global
	GlobalSection(SolutionConfigurationPlatforms) = preSolution
		Debug|Any CPU = Debug|Any CPU
		Release|Any CPU = Release|Any CPU
	EndGlobalSection
	GlobalSection(ProjectConfigurationPlatforms) = postSolution
		{1CCF04AC-8D0B-4CE5-9107-2F5090F4D45A}.Debug|Any CPU.ActiveCfg = Debug|Any CPU
		{1CCF04AC-8D0B-4CE5-9107-2F5090F4D45A}.Debug|Any CPU.Build.0 = Debug|Any CPU
		{1CCF04AC-8D0B-4CE5-9107-2F5090F4D45A}.Release|Any CPU.ActiveCfg = Release|Any CPU
		{1CCF04AC-8D0B-4CE5-9107-2F5090F4D45A}.Release|Any CPU.Build.0 = Release|Any CPU
	EndGlobalSection
	GlobalSection(SolutionProperties) = preSolution
		HideSolutionNode = FALSE
	EndGlobalSection
EndGlobal
