
Microsoft Visual Studio Solution File, Format Version 12.00
# Visual Studio Version 17
VisualStudioVersion = 17.6.33815.320
MinimumVisualStudioVersion = 10.0.40219.1
Project("{FAE04EC0-301F-11D3-BF4B-00C04F79EFBC}") = "leetcode_209", "leetcode_209\leetcode_209.csproj", "{B66C2439-633D-45DB-965C-70EEB44A3151}"
EndProject
Global
	GlobalSection(SolutionConfigurationPlatforms) = preSolution
		Debug|Any CPU = Debug|Any CPU
		Release|Any CPU = Release|Any CPU
	EndGlobalSection
	GlobalSection(ProjectConfigurationPlatforms) = postSolution
		{B66C2439-633D-45DB-965C-70EEB44A3151}.Debug|Any CPU.ActiveCfg = Debug|Any CPU
		{B66C2439-633D-45DB-965C-70EEB44A3151}.Debug|Any CPU.Build.0 = Debug|Any CPU
		{B66C2439-633D-45DB-965C-70EEB44A3151}.Release|Any CPU.ActiveCfg = Release|Any CPU
		{B66C2439-633D-45DB-965C-70EEB44A3151}.Release|Any CPU.Build.0 = Release|Any CPU
	EndGlobalSection
	GlobalSection(SolutionProperties) = preSolution
		HideSolutionNode = FALSE
	EndGlobalSection
	GlobalSection(ExtensibilityGlobals) = postSolution
		SolutionGuid = {40565B3D-28A8-4115-8D3A-531D4B1583A0}
	EndGlobalSection
EndGlobal
