Microsoft Visual Studio Solution File, Format Version 12.00
# Visual Studio Version 17
VisualStudioVersion = 17.5.2.0
MinimumVisualStudioVersion = 10.0.40219.1
Project("{FAE04EC0-301F-11D3-BF4B-00C04F79EFBC}") = "leetcode_001", "leetcode_001.csproj", "{BF8E84B7-7044-2E69-3EA5-17A27DA1765E}"
EndProject
Global
	GlobalSection(SolutionConfigurationPlatforms) = preSolution
		Debug|Any CPU = Debug|Any CPU
		Release|Any CPU = Release|Any CPU
	EndGlobalSection
	GlobalSection(ProjectConfigurationPlatforms) = postSolution
		{BF8E84B7-7044-2E69-3EA5-17A27DA1765E}.Debug|Any CPU.ActiveCfg = Debug|Any CPU
		{BF8E84B7-7044-2E69-3EA5-17A27DA1765E}.Debug|Any CPU.Build.0 = Debug|Any CPU
		{BF8E84B7-7044-2E69-3EA5-17A27DA1765E}.Release|Any CPU.ActiveCfg = Release|Any CPU
		{BF8E84B7-7044-2E69-3EA5-17A27DA1765E}.Release|Any CPU.Build.0 = Release|Any CPU
	EndGlobalSection
	GlobalSection(SolutionProperties) = preSolution
		HideSolutionNode = FALSE
	EndGlobalSection
	GlobalSection(ExtensibilityGlobals) = postSolution
		SolutionGuid = {0D0D62A9-2DA0-4872-BE72-DFFC2933EC6A}
	EndGlobalSection
EndGlobal
