
Microsoft Visual Studio Solution File, Format Version 12.00
# Visual Studio Version 17
VisualStudioVersion = 17.4.33213.308
MinimumVisualStudioVersion = 10.0.40219.1
Project("{FAE04EC0-301F-11D3-BF4B-00C04F79EFBC}") = "leetcode_066", "leetcode_066\leetcode_066.csproj", "{89E09E2C-D89F-4609-A15A-B7457D239CE4}"
EndProject
Global
	GlobalSection(SolutionConfigurationPlatforms) = preSolution
		Debug|Any CPU = Debug|Any CPU
		Release|Any CPU = Release|Any CPU
	EndGlobalSection
	GlobalSection(ProjectConfigurationPlatforms) = postSolution
		{89E09E2C-D89F-4609-A15A-B7457D239CE4}.Debug|Any CPU.ActiveCfg = Debug|Any CPU
		{89E09E2C-D89F-4609-A15A-B7457D239CE4}.Debug|Any CPU.Build.0 = Debug|Any CPU
		{89E09E2C-D89F-4609-A15A-B7457D239CE4}.Release|Any CPU.ActiveCfg = Release|Any CPU
		{89E09E2C-D89F-4609-A15A-B7457D239CE4}.Release|Any CPU.Build.0 = Release|Any CPU
	EndGlobalSection
	GlobalSection(SolutionProperties) = preSolution
		HideSolutionNode = FALSE
	EndGlobalSection
	GlobalSection(ExtensibilityGlobals) = postSolution
		SolutionGuid = {CCC49F35-7D7E-440F-A000-AD44F667D1D1}
	EndGlobalSection
EndGlobal
