
Microsoft Visual Studio Solution File, Format Version 12.00
# Visual Studio Version 17
VisualStudioVersion = 17.7.34031.279
MinimumVisualStudioVersion = 10.0.40219.1
Project("{FAE04EC0-301F-11D3-BF4B-00C04F79EFBC}") = "leetcode_2038", "leetcode_2038\leetcode_2038.csproj", "{1BE677BB-4042-4716-9355-78837C20B4B9}"
EndProject
Global
	GlobalSection(SolutionConfigurationPlatforms) = preSolution
		Debug|Any CPU = Debug|Any CPU
		Release|Any CPU = Release|Any CPU
	EndGlobalSection
	GlobalSection(ProjectConfigurationPlatforms) = postSolution
		{1BE677BB-4042-4716-9355-78837C20B4B9}.Debug|Any CPU.ActiveCfg = Debug|Any CPU
		{1BE677BB-4042-4716-9355-78837C20B4B9}.Debug|Any CPU.Build.0 = Debug|Any CPU
		{1BE677BB-4042-4716-9355-78837C20B4B9}.Release|Any CPU.ActiveCfg = Release|Any CPU
		{1BE677BB-4042-4716-9355-78837C20B4B9}.Release|Any CPU.Build.0 = Release|Any CPU
	EndGlobalSection
	GlobalSection(SolutionProperties) = preSolution
		HideSolutionNode = FALSE
	EndGlobalSection
	GlobalSection(ExtensibilityGlobals) = postSolution
		SolutionGuid = {DC1726A9-6498-4CE7-9472-C96F9B6A4E92}
	EndGlobalSection
EndGlobal
