
Microsoft Visual Studio Solution File, Format Version 12.00
# Visual Studio Version 17
VisualStudioVersion = 17.6.33829.357
MinimumVisualStudioVersion = 10.0.40219.1
Project("{FAE04EC0-301F-11D3-BF4B-00C04F79EFBC}") = "leetcode_139", "leetcode_139\leetcode_139.csproj", "{A7F3D7C4-AABB-4F4D-9D07-547C336379E7}"
EndProject
Global
	GlobalSection(SolutionConfigurationPlatforms) = preSolution
		Debug|Any CPU = Debug|Any CPU
		Release|Any CPU = Release|Any CPU
	EndGlobalSection
	GlobalSection(ProjectConfigurationPlatforms) = postSolution
		{A7F3D7C4-AABB-4F4D-9D07-547C336379E7}.Debug|Any CPU.ActiveCfg = Debug|Any CPU
		{A7F3D7C4-AABB-4F4D-9D07-547C336379E7}.Debug|Any CPU.Build.0 = Debug|Any CPU
		{A7F3D7C4-AABB-4F4D-9D07-547C336379E7}.Release|Any CPU.ActiveCfg = Release|Any CPU
		{A7F3D7C4-AABB-4F4D-9D07-547C336379E7}.Release|Any CPU.Build.0 = Release|Any CPU
	EndGlobalSection
	GlobalSection(SolutionProperties) = preSolution
		HideSolutionNode = FALSE
	EndGlobalSection
	GlobalSection(ExtensibilityGlobals) = postSolution
		SolutionGuid = {BF76E360-1E50-4E73-9E58-C5C6B116F340}
	EndGlobalSection
EndGlobal
