
Microsoft Visual Studio Solution File, Format Version 12.00
# Visual Studio Version 17
VisualStudioVersion = 17.9.34607.119
MinimumVisualStudioVersion = 10.0.40219.1
Project("{FAE04EC0-301F-11D3-BF4B-00C04F79EFBC}") = "leetcode_1642", "leetcode_1642\leetcode_1642.csproj", "{44B0AD98-A184-44AC-89A4-4C9BC9DA5051}"
EndProject
Global
	GlobalSection(SolutionConfigurationPlatforms) = preSolution
		Debug|Any CPU = Debug|Any CPU
		Release|Any CPU = Release|Any CPU
	EndGlobalSection
	GlobalSection(ProjectConfigurationPlatforms) = postSolution
		{44B0AD98-A184-44AC-89A4-4C9BC9DA5051}.Debug|Any CPU.ActiveCfg = Debug|Any CPU
		{44B0AD98-A184-44AC-89A4-4C9BC9DA5051}.Debug|Any CPU.Build.0 = Debug|Any CPU
		{44B0AD98-A184-44AC-89A4-4C9BC9DA5051}.Release|Any CPU.ActiveCfg = Release|Any CPU
		{44B0AD98-A184-44AC-89A4-4C9BC9DA5051}.Release|Any CPU.Build.0 = Release|Any CPU
	EndGlobalSection
	GlobalSection(SolutionProperties) = preSolution
		HideSolutionNode = FALSE
	EndGlobalSection
	GlobalSection(ExtensibilityGlobals) = postSolution
		SolutionGuid = {DAF495F9-9A42-4526-B71F-B9252DA8EF4E}
	EndGlobalSection
EndGlobal
