
Microsoft Visual Studio Solution File, Format Version 12.00
# Visual Studio Version 17
VisualStudioVersion = 17.10.35013.160
MinimumVisualStudioVersion = 10.0.40219.1
Project("{FAE04EC0-301F-11D3-BF4B-00C04F79EFBC}") = "leetcode_1791", "leetcode_1791\leetcode_1791.csproj", "{5F5AA801-A3A2-47AB-9AD4-1FF0D40E9059}"
EndProject
Global
	GlobalSection(SolutionConfigurationPlatforms) = preSolution
		Debug|Any CPU = Debug|Any CPU
		Release|Any CPU = Release|Any CPU
	EndGlobalSection
	GlobalSection(ProjectConfigurationPlatforms) = postSolution
		{5F5AA801-A3A2-47AB-9AD4-1FF0D40E9059}.Debug|Any CPU.ActiveCfg = Debug|Any CPU
		{5F5AA801-A3A2-47AB-9AD4-1FF0D40E9059}.Debug|Any CPU.Build.0 = Debug|Any CPU
		{5F5AA801-A3A2-47AB-9AD4-1FF0D40E9059}.Release|Any CPU.ActiveCfg = Release|Any CPU
		{5F5AA801-A3A2-47AB-9AD4-1FF0D40E9059}.Release|Any CPU.Build.0 = Release|Any CPU
	EndGlobalSection
	GlobalSection(SolutionProperties) = preSolution
		HideSolutionNode = FALSE
	EndGlobalSection
	GlobalSection(ExtensibilityGlobals) = postSolution
		SolutionGuid = {1354F051-83C4-4BC3-A051-F63AF7F7E7C0}
	EndGlobalSection
EndGlobal
