
Microsoft Visual Studio Solution File, Format Version 12.00
# Visual Studio Version 17
VisualStudioVersion = 17.6.33829.357
MinimumVisualStudioVersion = 10.0.40219.1
Project("{FAE04EC0-301F-11D3-BF4B-00C04F79EFBC}") = "leetcode_1925", "leetcode_1925\leetcode_1925.csproj", "{DC3C6828-4C84-4601-A515-344CF65BAB3B}"
EndProject
Global
	GlobalSection(SolutionConfigurationPlatforms) = preSolution
		Debug|Any CPU = Debug|Any CPU
		Release|Any CPU = Release|Any CPU
	EndGlobalSection
	GlobalSection(ProjectConfigurationPlatforms) = postSolution
		{DC3C6828-4C84-4601-A515-344CF65BAB3B}.Debug|Any CPU.ActiveCfg = Debug|Any CPU
		{DC3C6828-4C84-4601-A515-344CF65BAB3B}.Debug|Any CPU.Build.0 = Debug|Any CPU
		{DC3C6828-4C84-4601-A515-344CF65BAB3B}.Release|Any CPU.ActiveCfg = Release|Any CPU
		{DC3C6828-4C84-4601-A515-344CF65BAB3B}.Release|Any CPU.Build.0 = Release|Any CPU
	EndGlobalSection
	GlobalSection(SolutionProperties) = preSolution
		HideSolutionNode = FALSE
	EndGlobalSection
	GlobalSection(ExtensibilityGlobals) = postSolution
		SolutionGuid = {E1DF4AAE-2026-468E-BA47-5F7D564AD7AF}
	EndGlobalSection
EndGlobal
