
Microsoft Visual Studio Solution File, Format Version 12.00
# Visual Studio Version 17
VisualStudioVersion = 17.4.33122.133
MinimumVisualStudioVersion = 10.0.40219.1
Project("{FAE04EC0-301F-11D3-BF4B-00C04F79EFBC}") = "leetcode_876", "leetcode_876\leetcode_876.csproj", "{196F093A-2126-4678-9AA8-74E95643148E}"
EndProject
Global
	GlobalSection(SolutionConfigurationPlatforms) = preSolution
		Debug|Any CPU = Debug|Any CPU
		Release|Any CPU = Release|Any CPU
	EndGlobalSection
	GlobalSection(ProjectConfigurationPlatforms) = postSolution
		{196F093A-2126-4678-9AA8-74E95643148E}.Debug|Any CPU.ActiveCfg = Debug|Any CPU
		{196F093A-2126-4678-9AA8-74E95643148E}.Debug|Any CPU.Build.0 = Debug|Any CPU
		{196F093A-2126-4678-9AA8-74E95643148E}.Release|Any CPU.ActiveCfg = Release|Any CPU
		{196F093A-2126-4678-9AA8-74E95643148E}.Release|Any CPU.Build.0 = Release|Any CPU
	EndGlobalSection
	GlobalSection(SolutionProperties) = preSolution
		HideSolutionNode = FALSE
	EndGlobalSection
	GlobalSection(ExtensibilityGlobals) = postSolution
		SolutionGuid = {03FD8974-E865-4EA4-B38B-0A4849049ED6}
	EndGlobalSection
EndGlobal
