
Microsoft Visual Studio Solution File, Format Version 12.00
# Visual Studio Version 17
VisualStudioVersion = 17.6.33815.320
MinimumVisualStudioVersion = 10.0.40219.1
Project("{FAE04EC0-301F-11D3-BF4B-00C04F79EFBC}") = "leetcode_2024", "leetcode_2024\leetcode_2024.csproj", "{D5856C80-55A4-4213-8080-EDBBFB8D63D2}"
EndProject
Global
	GlobalSection(SolutionConfigurationPlatforms) = preSolution
		Debug|Any CPU = Debug|Any CPU
		Release|Any CPU = Release|Any CPU
	EndGlobalSection
	GlobalSection(ProjectConfigurationPlatforms) = postSolution
		{D5856C80-55A4-4213-8080-EDBBFB8D63D2}.Debug|Any CPU.ActiveCfg = Debug|Any CPU
		{D5856C80-55A4-4213-8080-EDBBFB8D63D2}.Debug|Any CPU.Build.0 = Debug|Any CPU
		{D5856C80-55A4-4213-8080-EDBBFB8D63D2}.Release|Any CPU.ActiveCfg = Release|Any CPU
		{D5856C80-55A4-4213-8080-EDBBFB8D63D2}.Release|Any CPU.Build.0 = Release|Any CPU
	EndGlobalSection
	GlobalSection(SolutionProperties) = preSolution
		HideSolutionNode = FALSE
	EndGlobalSection
	GlobalSection(ExtensibilityGlobals) = postSolution
		SolutionGuid = {6638012F-3298-415E-AF61-46113F9D7A65}
	EndGlobalSection
EndGlobal
