
Microsoft Visual Studio Solution File, Format Version 12.00
# Visual Studio Version 17
VisualStudioVersion = 17.3.32811.315
MinimumVisualStudioVersion = 10.0.40219.1
Project("{FAE04EC0-301F-11D3-BF4B-00C04F79EFBC}") = "leetcode_326", "leetcode_326\leetcode_326.csproj", "{4E517CD7-F2E0-4BBA-93BD-5D1BE6EABBFB}"
EndProject
Global
	GlobalSection(SolutionConfigurationPlatforms) = preSolution
		Debug|Any CPU = Debug|Any CPU
		Release|Any CPU = Release|Any CPU
	EndGlobalSection
	GlobalSection(ProjectConfigurationPlatforms) = postSolution
		{4E517CD7-F2E0-4BBA-93BD-5D1BE6EABBFB}.Debug|Any CPU.ActiveCfg = Debug|Any CPU
		{4E517CD7-F2E0-4BBA-93BD-5D1BE6EABBFB}.Debug|Any CPU.Build.0 = Debug|Any CPU
		{4E517CD7-F2E0-4BBA-93BD-5D1BE6EABBFB}.Release|Any CPU.ActiveCfg = Release|Any CPU
		{4E517CD7-F2E0-4BBA-93BD-5D1BE6EABBFB}.Release|Any CPU.Build.0 = Release|Any CPU
	EndGlobalSection
	GlobalSection(SolutionProperties) = preSolution
		HideSolutionNode = FALSE
	EndGlobalSection
	GlobalSection(ExtensibilityGlobals) = postSolution
		SolutionGuid = {2907D6D4-4116-4F0D-8F05-9E0692AEBA44}
	EndGlobalSection
EndGlobal
