
Microsoft Visual Studio Solution File, Format Version 12.00
# Visual Studio Version 17
VisualStudioVersion = 17.2.32519.379
MinimumVisualStudioVersion = 10.0.40219.1
Project("{FAE04EC0-301F-11D3-BF4B-00C04F79EFBC}") = "leetcode_029", "leetcode_029\leetcode_029.csproj", "{A4AACFA7-EDC6-4A8E-BAFE-1C0D5CE89467}"
EndProject
Global
	GlobalSection(SolutionConfigurationPlatforms) = preSolution
		Debug|Any CPU = Debug|Any CPU
		Release|Any CPU = Release|Any CPU
	EndGlobalSection
	GlobalSection(ProjectConfigurationPlatforms) = postSolution
		{A4AACFA7-EDC6-4A8E-BAFE-1C0D5CE89467}.Debug|Any CPU.ActiveCfg = Debug|Any CPU
		{A4AACFA7-EDC6-4A8E-BAFE-1C0D5CE89467}.Debug|Any CPU.Build.0 = Debug|Any CPU
		{A4AACFA7-EDC6-4A8E-BAFE-1C0D5CE89467}.Release|Any CPU.ActiveCfg = Release|Any CPU
		{A4AACFA7-EDC6-4A8E-BAFE-1C0D5CE89467}.Release|Any CPU.Build.0 = Release|Any CPU
	EndGlobalSection
	GlobalSection(SolutionProperties) = preSolution
		HideSolutionNode = FALSE
	EndGlobalSection
	GlobalSection(ExtensibilityGlobals) = postSolution
		SolutionGuid = {3BDFFB63-CDD2-4397-A6E7-C122E4D0D8BC}
	EndGlobalSection
EndGlobal
