
Microsoft Visual Studio Solution File, Format Version 12.00
# Visual Studio Version 17
VisualStudioVersion = 17.7.34009.444
MinimumVisualStudioVersion = 10.0.40219.1
Project("{FAE04EC0-301F-11D3-BF4B-00C04F79EFBC}") = "leetcode_242", "leetcode_242\leetcode_242.csproj", "{6A2342C1-BF6D-4D85-B8F7-227290AA1F04}"
EndProject
Global
	GlobalSection(SolutionConfigurationPlatforms) = preSolution
		Debug|Any CPU = Debug|Any CPU
		Release|Any CPU = Release|Any CPU
	EndGlobalSection
	GlobalSection(ProjectConfigurationPlatforms) = postSolution
		{6A2342C1-BF6D-4D85-B8F7-227290AA1F04}.Debug|Any CPU.ActiveCfg = Debug|Any CPU
		{6A2342C1-BF6D-4D85-B8F7-227290AA1F04}.Debug|Any CPU.Build.0 = Debug|Any CPU
		{6A2342C1-BF6D-4D85-B8F7-227290AA1F04}.Release|Any CPU.ActiveCfg = Release|Any CPU
		{6A2342C1-BF6D-4D85-B8F7-227290AA1F04}.Release|Any CPU.Build.0 = Release|Any CPU
	EndGlobalSection
	GlobalSection(SolutionProperties) = preSolution
		HideSolutionNode = FALSE
	EndGlobalSection
	GlobalSection(ExtensibilityGlobals) = postSolution
		SolutionGuid = {BF935D32-CADA-406A-B5EA-21F7689F8696}
	EndGlobalSection
EndGlobal
