
Microsoft Visual Studio Solution File, Format Version 12.00
# Visual Studio Version 17
VisualStudioVersion = 17.9.34622.214
MinimumVisualStudioVersion = 10.0.40219.1
Project("{FAE04EC0-301F-11D3-BF4B-00C04F79EFBC}") = "leetcode_2864", "leetcode_2864\leetcode_2864.csproj", "{602FDF67-A2DE-4F5B-A087-6E554BA2324F}"
EndProject
Global
	GlobalSection(SolutionConfigurationPlatforms) = preSolution
		Debug|Any CPU = Debug|Any CPU
		Release|Any CPU = Release|Any CPU
	EndGlobalSection
	GlobalSection(ProjectConfigurationPlatforms) = postSolution
		{602FDF67-A2DE-4F5B-A087-6E554BA2324F}.Debug|Any CPU.ActiveCfg = Debug|Any CPU
		{602FDF67-A2DE-4F5B-A087-6E554BA2324F}.Debug|Any CPU.Build.0 = Debug|Any CPU
		{602FDF67-A2DE-4F5B-A087-6E554BA2324F}.Release|Any CPU.ActiveCfg = Release|Any CPU
		{602FDF67-A2DE-4F5B-A087-6E554BA2324F}.Release|Any CPU.Build.0 = Release|Any CPU
	EndGlobalSection
	GlobalSection(SolutionProperties) = preSolution
		HideSolutionNode = FALSE
	EndGlobalSection
	GlobalSection(ExtensibilityGlobals) = postSolution
		SolutionGuid = {A7D1D1EA-D705-4686-852A-E95693C9E273}
	EndGlobalSection
EndGlobal
