
Microsoft Visual Studio Solution File, Format Version 12.00
# Visual Studio Version 17
VisualStudioVersion = 17.0.31903.59
MinimumVisualStudioVersion = 10.0.40219.1
Project("{FAE04EC0-301F-11D3-BF4B-00C04F79EFBC}") = "leetcode_2138", "leetcode_2138\leetcode_2138.csproj", "{CBFEC4BD-EB11-4A55-A90E-85AD1C78CFB1}"
EndProject
Global
	GlobalSection(SolutionConfigurationPlatforms) = preSolution
		Debug|Any CPU = Debug|Any CPU
		Release|Any CPU = Release|Any CPU
	EndGlobalSection
	GlobalSection(SolutionProperties) = preSolution
		HideSolutionNode = FALSE
	EndGlobalSection
	GlobalSection(ProjectConfigurationPlatforms) = postSolution
		{CBFEC4BD-EB11-4A55-A90E-85AD1C78CFB1}.Debug|Any CPU.ActiveCfg = Debug|Any CPU
		{CBFEC4BD-EB11-4A55-A90E-85AD1C78CFB1}.Debug|Any CPU.Build.0 = Debug|Any CPU
		{CBFEC4BD-EB11-4A55-A90E-85AD1C78CFB1}.Release|Any CPU.ActiveCfg = Release|Any CPU
		{CBFEC4BD-EB11-4A55-A90E-85AD1C78CFB1}.Release|Any CPU.Build.0 = Release|Any CPU
	EndGlobalSection
EndGlobal
