
Microsoft Visual Studio Solution File, Format Version 12.00
# Visual Studio Version 17
VisualStudioVersion = 17.6.33815.320
MinimumVisualStudioVersion = 10.0.40219.1
Project("{FAE04EC0-301F-11D3-BF4B-00C04F79EFBC}") = "leetcode_111", "leetcode_111\leetcode_111.csproj", "{331AA8A0-C32E-460E-A82E-07539FE8B244}"
EndProject
Global
	GlobalSection(SolutionConfigurationPlatforms) = preSolution
		Debug|Any CPU = Debug|Any CPU
		Release|Any CPU = Release|Any CPU
	EndGlobalSection
	GlobalSection(ProjectConfigurationPlatforms) = postSolution
		{331AA8A0-C32E-460E-A82E-07539FE8B244}.Debug|Any CPU.ActiveCfg = Debug|Any CPU
		{331AA8A0-C32E-460E-A82E-07539FE8B244}.Debug|Any CPU.Build.0 = Debug|Any CPU
		{331AA8A0-C32E-460E-A82E-07539FE8B244}.Release|Any CPU.ActiveCfg = Release|Any CPU
		{331AA8A0-C32E-460E-A82E-07539FE8B244}.Release|Any CPU.Build.0 = Release|Any CPU
	EndGlobalSection
	GlobalSection(SolutionProperties) = preSolution
		HideSolutionNode = FALSE
	EndGlobalSection
	GlobalSection(ExtensibilityGlobals) = postSolution
		SolutionGuid = {2DF8DB6A-7EC2-4590-8375-0227947B0DBE}
	EndGlobalSection
EndGlobal
