
Microsoft Visual Studio Solution File, Format Version 12.00
# Visual Studio Version 17
VisualStudioVersion = 17.6.33723.286
MinimumVisualStudioVersion = 10.0.40219.1
Project("{FAE04EC0-301F-11D3-BF4B-00C04F79EFBC}") = "leetcode_228", "leetcode_228\leetcode_228.csproj", "{5E44FEE8-BFC7-4960-878E-24E0A8FA7537}"
EndProject
Global
	GlobalSection(SolutionConfigurationPlatforms) = preSolution
		Debug|Any CPU = Debug|Any CPU
		Release|Any CPU = Release|Any CPU
	EndGlobalSection
	GlobalSection(ProjectConfigurationPlatforms) = postSolution
		{5E44FEE8-BFC7-4960-878E-24E0A8FA7537}.Debug|Any CPU.ActiveCfg = Debug|Any CPU
		{5E44FEE8-BFC7-4960-878E-24E0A8FA7537}.Debug|Any CPU.Build.0 = Debug|Any CPU
		{5E44FEE8-BFC7-4960-878E-24E0A8FA7537}.Release|Any CPU.ActiveCfg = Release|Any CPU
		{5E44FEE8-BFC7-4960-878E-24E0A8FA7537}.Release|Any CPU.Build.0 = Release|Any CPU
	EndGlobalSection
	GlobalSection(SolutionProperties) = preSolution
		HideSolutionNode = FALSE
	EndGlobalSection
	GlobalSection(ExtensibilityGlobals) = postSolution
		SolutionGuid = {7FB6F91F-F23A-4070-BBA2-436D4B5E202A}
	EndGlobalSection
EndGlobal
