
Microsoft Visual Studio Solution File, Format Version 12.00
# Visual Studio Version 17
VisualStudioVersion = 17.12.35707.178 d17.12
MinimumVisualStudioVersion = 10.0.40219.1
Project("{FAE04EC0-301F-11D3-BF4B-00C04F79EFBC}") = "leetcode_200", "leetcode_200\leetcode_200.csproj", "{4A1150F2-C5B9-46E1-BD11-1417A2749BC6}"
EndProject
Global
	GlobalSection(SolutionConfigurationPlatforms) = preSolution
		Debug|Any CPU = Debug|Any CPU
		Release|Any CPU = Release|Any CPU
	EndGlobalSection
	GlobalSection(ProjectConfigurationPlatforms) = postSolution
		{4A1150F2-C5B9-46E1-BD11-1417A2749BC6}.Debug|Any CPU.ActiveCfg = Debug|Any CPU
		{4A1150F2-C5B9-46E1-BD11-1417A2749BC6}.Debug|Any CPU.Build.0 = Debug|Any CPU
		{4A1150F2-C5B9-46E1-BD11-1417A2749BC6}.Release|Any CPU.ActiveCfg = Release|Any CPU
		{4A1150F2-C5B9-46E1-BD11-1417A2749BC6}.Release|Any CPU.Build.0 = Release|Any CPU
	EndGlobalSection
	GlobalSection(SolutionProperties) = preSolution
		HideSolutionNode = FALSE
	EndGlobalSection
EndGlobal
