
Microsoft Visual Studio Solution File, Format Version 12.00
# Visual Studio Version 17
VisualStudioVersion = 17.4.33213.308
MinimumVisualStudioVersion = 10.0.40219.1
Project("{FAE04EC0-301F-11D3-BF4B-00C04F79EFBC}") = "leetcode_069", "leetcode_069\leetcode_069.csproj", "{8D76294D-0850-4E9E-8A3D-14B04135DEA4}"
EndProject
Global
	GlobalSection(SolutionConfigurationPlatforms) = preSolution
		Debug|Any CPU = Debug|Any CPU
		Release|Any CPU = Release|Any CPU
	EndGlobalSection
	GlobalSection(ProjectConfigurationPlatforms) = postSolution
		{8D76294D-0850-4E9E-8A3D-14B04135DEA4}.Debug|Any CPU.ActiveCfg = Debug|Any CPU
		{8D76294D-0850-4E9E-8A3D-14B04135DEA4}.Debug|Any CPU.Build.0 = Debug|Any CPU
		{8D76294D-0850-4E9E-8A3D-14B04135DEA4}.Release|Any CPU.ActiveCfg = Release|Any CPU
		{8D76294D-0850-4E9E-8A3D-14B04135DEA4}.Release|Any CPU.Build.0 = Release|Any CPU
	EndGlobalSection
	GlobalSection(SolutionProperties) = preSolution
		HideSolutionNode = FALSE
	EndGlobalSection
	GlobalSection(ExtensibilityGlobals) = postSolution
		SolutionGuid = {361CDEC6-57C6-4290-9E1D-ED35C72F8BC1}
	EndGlobalSection
EndGlobal
