Microsoft Visual Studio Solution File, Format Version 12.00
# Visual Studio Version 17
VisualStudioVersion = 17.5.2.0
MinimumVisualStudioVersion = 10.0.40219.1
Project("{FAE04EC0-301F-11D3-BF4B-00C04F79EFBC}") = "leetcode_242", "leetcode_242.csproj", "{E14FC1C8-E8FA-CAD2-A36F-A81091FFB0F8}"
EndProject
Global
	GlobalSection(SolutionConfigurationPlatforms) = preSolution
		Debug|Any CPU = Debug|Any CPU
		Release|Any CPU = Release|Any CPU
	EndGlobalSection
	GlobalSection(ProjectConfigurationPlatforms) = postSolution
		{E14FC1C8-E8FA-CAD2-A36F-A81091FFB0F8}.Debug|Any CPU.ActiveCfg = Debug|Any CPU
		{E14FC1C8-E8FA-CAD2-A36F-A81091FFB0F8}.Debug|Any CPU.Build.0 = Debug|Any CPU
		{E14FC1C8-E8FA-CAD2-A36F-A81091FFB0F8}.Release|Any CPU.ActiveCfg = Release|Any CPU
		{E14FC1C8-E8FA-CAD2-A36F-A81091FFB0F8}.Release|Any CPU.Build.0 = Release|Any CPU
	EndGlobalSection
	GlobalSection(SolutionProperties) = preSolution
		HideSolutionNode = FALSE
	EndGlobalSection
	GlobalSection(ExtensibilityGlobals) = postSolution
		SolutionGuid = {9BBFDD16-4F83-44ED-B8E7-504A652A3832}
	EndGlobalSection
EndGlobal
