
Microsoft Visual Studio Solution File, Format Version 12.00
# Visual Studio Version 17
VisualStudioVersion = 17.4.33110.190
MinimumVisualStudioVersion = 10.0.40219.1
Project("{FAE04EC0-301F-11D3-BF4B-00C04F79EFBC}") = "leetcode_014", "leetcode_014\leetcode_014.csproj", "{21F7E129-BA04-4B38-B79A-51567CE9C5E1}"
EndProject
Global
	GlobalSection(SolutionConfigurationPlatforms) = preSolution
		Debug|Any CPU = Debug|Any CPU
		Release|Any CPU = Release|Any CPU
	EndGlobalSection
	GlobalSection(ProjectConfigurationPlatforms) = postSolution
		{21F7E129-BA04-4B38-B79A-51567CE9C5E1}.Debug|Any CPU.ActiveCfg = Debug|Any CPU
		{21F7E129-BA04-4B38-B79A-51567CE9C5E1}.Debug|Any CPU.Build.0 = Debug|Any CPU
		{21F7E129-BA04-4B38-B79A-51567CE9C5E1}.Release|Any CPU.ActiveCfg = Release|Any CPU
		{21F7E129-BA04-4B38-B79A-51567CE9C5E1}.Release|Any CPU.Build.0 = Release|Any CPU
	EndGlobalSection
	GlobalSection(SolutionProperties) = preSolution
		HideSolutionNode = FALSE
	EndGlobalSection
	GlobalSection(ExtensibilityGlobals) = postSolution
		SolutionGuid = {E6706B77-F892-4B25-B5AA-04E7165749D7}
	EndGlobalSection
EndGlobal
