
Microsoft Visual Studio Solution File, Format Version 12.00
# Visual Studio Version 17
VisualStudioVersion = 17.2.32526.322
MinimumVisualStudioVersion = 10.0.40219.1
Project("{FAE04EC0-301F-11D3-BF4B-00C04F79EFBC}") = "leetcode_088", "leetcode_088\leetcode_088.csproj", "{949E2644-8F9F-4D7D-B67E-68B592018F29}"
EndProject
Global
	GlobalSection(SolutionConfigurationPlatforms) = preSolution
		Debug|Any CPU = Debug|Any CPU
		Release|Any CPU = Release|Any CPU
	EndGlobalSection
	GlobalSection(ProjectConfigurationPlatforms) = postSolution
		{949E2644-8F9F-4D7D-B67E-68B592018F29}.Debug|Any CPU.ActiveCfg = Debug|Any CPU
		{949E2644-8F9F-4D7D-B67E-68B592018F29}.Debug|Any CPU.Build.0 = Debug|Any CPU
		{949E2644-8F9F-4D7D-B67E-68B592018F29}.Release|Any CPU.ActiveCfg = Release|Any CPU
		{949E2644-8F9F-4D7D-B67E-68B592018F29}.Release|Any CPU.Build.0 = Release|Any CPU
	EndGlobalSection
	GlobalSection(SolutionProperties) = preSolution
		HideSolutionNode = FALSE
	EndGlobalSection
	GlobalSection(ExtensibilityGlobals) = postSolution
		SolutionGuid = {ECB6C98D-2638-48C7-B9FA-13ADF83DDEDD}
	EndGlobalSection
EndGlobal
