
Microsoft Visual Studio Solution File, Format Version 12.00
# Visual Studio Version 17
VisualStudioVersion = 17.8.34511.84
MinimumVisualStudioVersion = 10.0.40219.1
Project("{FAE04EC0-301F-11D3-BF4B-00C04F79EFBC}") = "leetcode_150", "leetcode_150\leetcode_150.csproj", "{A9791B3C-9F96-4127-8A53-AB2163055EB8}"
EndProject
Global
	GlobalSection(SolutionConfigurationPlatforms) = preSolution
		Debug|Any CPU = Debug|Any CPU
		Release|Any CPU = Release|Any CPU
	EndGlobalSection
	GlobalSection(ProjectConfigurationPlatforms) = postSolution
		{A9791B3C-9F96-4127-8A53-AB2163055EB8}.Debug|Any CPU.ActiveCfg = Debug|Any CPU
		{A9791B3C-9F96-4127-8A53-AB2163055EB8}.Debug|Any CPU.Build.0 = Debug|Any CPU
		{A9791B3C-9F96-4127-8A53-AB2163055EB8}.Release|Any CPU.ActiveCfg = Release|Any CPU
		{A9791B3C-9F96-4127-8A53-AB2163055EB8}.Release|Any CPU.Build.0 = Release|Any CPU
	EndGlobalSection
	GlobalSection(SolutionProperties) = preSolution
		HideSolutionNode = FALSE
	EndGlobalSection
	GlobalSection(ExtensibilityGlobals) = postSolution
		SolutionGuid = {9665E8B8-321D-439D-AA99-A02241F23C0B}
	EndGlobalSection
EndGlobal
