
Microsoft Visual Studio Solution File, Format Version 12.00
# Visual Studio Version 17
VisualStudioVersion = 17.6.33815.320
MinimumVisualStudioVersion = 10.0.40219.1
Project("{FAE04EC0-301F-11D3-BF4B-00C04F79EFBC}") = "leetcode_655", "leetcode_655\leetcode_655.csproj", "{01DF2BE1-79E2-4965-8C9F-AF96405901D6}"
EndProject
Global
	GlobalSection(SolutionConfigurationPlatforms) = preSolution
		Debug|Any CPU = Debug|Any CPU
		Release|Any CPU = Release|Any CPU
	EndGlobalSection
	GlobalSection(ProjectConfigurationPlatforms) = postSolution
		{01DF2BE1-79E2-4965-8C9F-AF96405901D6}.Debug|Any CPU.ActiveCfg = Debug|Any CPU
		{01DF2BE1-79E2-4965-8C9F-AF96405901D6}.Debug|Any CPU.Build.0 = Debug|Any CPU
		{01DF2BE1-79E2-4965-8C9F-AF96405901D6}.Release|Any CPU.ActiveCfg = Release|Any CPU
		{01DF2BE1-79E2-4965-8C9F-AF96405901D6}.Release|Any CPU.Build.0 = Release|Any CPU
	EndGlobalSection
	GlobalSection(SolutionProperties) = preSolution
		HideSolutionNode = FALSE
	EndGlobalSection
	GlobalSection(ExtensibilityGlobals) = postSolution
		SolutionGuid = {B6899A73-EC2D-49D2-9E6C-E94CC32B8E9B}
	EndGlobalSection
EndGlobal
