
Microsoft Visual Studio Solution File, Format Version 12.00
# Visual Studio Version 17
VisualStudioVersion = 17.2.32519.379
MinimumVisualStudioVersion = 10.0.40219.1
Project("{FAE04EC0-301F-11D3-BF4B-00C04F79EFBC}") = "leetcode_645", "leetcode_645\leetcode_645.csproj", "{7830313F-E984-41BD-B10B-7AA88E798816}"
EndProject
Global
	GlobalSection(SolutionConfigurationPlatforms) = preSolution
		Debug|Any CPU = Debug|Any CPU
		Release|Any CPU = Release|Any CPU
	EndGlobalSection
	GlobalSection(ProjectConfigurationPlatforms) = postSolution
		{7830313F-E984-41BD-B10B-7AA88E798816}.Debug|Any CPU.ActiveCfg = Debug|Any CPU
		{7830313F-E984-41BD-B10B-7AA88E798816}.Debug|Any CPU.Build.0 = Debug|Any CPU
		{7830313F-E984-41BD-B10B-7AA88E798816}.Release|Any CPU.ActiveCfg = Release|Any CPU
		{7830313F-E984-41BD-B10B-7AA88E798816}.Release|Any CPU.Build.0 = Release|Any CPU
	EndGlobalSection
	GlobalSection(SolutionProperties) = preSolution
		HideSolutionNode = FALSE
	EndGlobalSection
	GlobalSection(ExtensibilityGlobals) = postSolution
		SolutionGuid = {91D86548-9384-4B8E-8DE3-D8D4D3C9BECB}
	EndGlobalSection
EndGlobal
