
Microsoft Visual Studio Solution File, Format Version 12.00
# Visual Studio Version 17
VisualStudioVersion = 17.0.31903.59
MinimumVisualStudioVersion = 10.0.40219.1
Project("{FAE04EC0-301F-11D3-BF4B-00C04F79EFBC}") = "leetcode_1526", "leetcode_1526\leetcode_1526.csproj", "{EC7D75E9-65E3-41EF-A5F2-CD3CB7A66B17}"
EndProject
Global
	GlobalSection(SolutionConfigurationPlatforms) = preSolution
		Debug|Any CPU = Debug|Any CPU
		Release|Any CPU = Release|Any CPU
	EndGlobalSection
	GlobalSection(SolutionProperties) = preSolution
		HideSolutionNode = FALSE
	EndGlobalSection
	GlobalSection(ProjectConfigurationPlatforms) = postSolution
		{EC7D75E9-65E3-41EF-A5F2-CD3CB7A66B17}.Debug|Any CPU.ActiveCfg = Debug|Any CPU
		{EC7D75E9-65E3-41EF-A5F2-CD3CB7A66B17}.Debug|Any CPU.Build.0 = Debug|Any CPU
		{EC7D75E9-65E3-41EF-A5F2-CD3CB7A66B17}.Release|Any CPU.ActiveCfg = Release|Any CPU
		{EC7D75E9-65E3-41EF-A5F2-CD3CB7A66B17}.Release|Any CPU.Build.0 = Release|Any CPU
	EndGlobalSection
EndGlobal
