
Microsoft Visual Studio Solution File, Format Version 12.00
# Visual Studio Version 17
VisualStudioVersion = 17.7.34221.43
MinimumVisualStudioVersion = 10.0.40219.1
Project("{FAE04EC0-301F-11D3-BF4B-00C04F79EFBC}") = "leetcode_779", "leetcode_779\leetcode_779.csproj", "{4C2E1B8C-71A4-4D17-9D35-022A365F0A21}"
EndProject
Global
	GlobalSection(SolutionConfigurationPlatforms) = preSolution
		Debug|Any CPU = Debug|Any CPU
		Release|Any CPU = Release|Any CPU
	EndGlobalSection
	GlobalSection(ProjectConfigurationPlatforms) = postSolution
		{4C2E1B8C-71A4-4D17-9D35-022A365F0A21}.Debug|Any CPU.ActiveCfg = Debug|Any CPU
		{4C2E1B8C-71A4-4D17-9D35-022A365F0A21}.Debug|Any CPU.Build.0 = Debug|Any CPU
		{4C2E1B8C-71A4-4D17-9D35-022A365F0A21}.Release|Any CPU.ActiveCfg = Release|Any CPU
		{4C2E1B8C-71A4-4D17-9D35-022A365F0A21}.Release|Any CPU.Build.0 = Release|Any CPU
	EndGlobalSection
	GlobalSection(SolutionProperties) = preSolution
		HideSolutionNode = FALSE
	EndGlobalSection
	GlobalSection(ExtensibilityGlobals) = postSolution
		SolutionGuid = {307ECFA2-5146-4BA3-83D8-48CA756E9159}
	EndGlobalSection
EndGlobal
