
Microsoft Visual Studio Solution File, Format Version 12.00
# Visual Studio Version 17
VisualStudioVersion = 17.13.35806.99 d17.13
MinimumVisualStudioVersion = 10.0.40219.1
Project("{FAE04EC0-301F-11D3-BF4B-00C04F79EFBC}") = "leetcode_039", "leetcode_039\leetcode_039.csproj", "{351FBAD5-8BAB-4794-8588-DE5E860B3748}"
EndProject
Global
	GlobalSection(SolutionConfigurationPlatforms) = preSolution
		Debug|Any CPU = Debug|Any CPU
		Release|Any CPU = Release|Any CPU
	EndGlobalSection
	GlobalSection(ProjectConfigurationPlatforms) = postSolution
		{351FBAD5-8BAB-4794-8588-DE5E860B3748}.Debug|Any CPU.ActiveCfg = Debug|Any CPU
		{351FBAD5-8BAB-4794-8588-DE5E860B3748}.Debug|Any CPU.Build.0 = Debug|Any CPU
		{351FBAD5-8BAB-4794-8588-DE5E860B3748}.Release|Any CPU.ActiveCfg = Release|Any CPU
		{351FBAD5-8BAB-4794-8588-DE5E860B3748}.Release|Any CPU.Build.0 = Release|Any CPU
	EndGlobalSection
	GlobalSection(SolutionProperties) = preSolution
		HideSolutionNode = FALSE
	EndGlobalSection
	GlobalSection(ExtensibilityGlobals) = postSolution
		SolutionGuid = {0EEB80F3-79CF-4D35-8629-DC511F25DC40}
	EndGlobalSection
EndGlobal
