
Microsoft Visual Studio Solution File, Format Version 12.00
# Visual Studio Version 17
VisualStudioVersion = 17.4.33205.214
MinimumVisualStudioVersion = 10.0.40219.1
Project("{FAE04EC0-301F-11D3-BF4B-00C04F79EFBC}") = "leetcode_1833", "leetcode_1833\leetcode_1833.csproj", "{61740E6F-3BAF-46DA-99E4-3912357742F8}"
EndProject
Global
	GlobalSection(SolutionConfigurationPlatforms) = preSolution
		Debug|Any CPU = Debug|Any CPU
		Release|Any CPU = Release|Any CPU
	EndGlobalSection
	GlobalSection(ProjectConfigurationPlatforms) = postSolution
		{61740E6F-3BAF-46DA-99E4-3912357742F8}.Debug|Any CPU.ActiveCfg = Debug|Any CPU
		{61740E6F-3BAF-46DA-99E4-3912357742F8}.Debug|Any CPU.Build.0 = Debug|Any CPU
		{61740E6F-3BAF-46DA-99E4-3912357742F8}.Release|Any CPU.ActiveCfg = Release|Any CPU
		{61740E6F-3BAF-46DA-99E4-3912357742F8}.Release|Any CPU.Build.0 = Release|Any CPU
	EndGlobalSection
	GlobalSection(SolutionProperties) = preSolution
		HideSolutionNode = FALSE
	EndGlobalSection
	GlobalSection(ExtensibilityGlobals) = postSolution
		SolutionGuid = {961336E9-A83D-4AE5-9361-4CB1875B1E89}
	EndGlobalSection
EndGlobal
