
Microsoft Visual Studio Solution File, Format Version 12.00
# Visual Studio Version 17
VisualStudioVersion = 17.7.34018.315
MinimumVisualStudioVersion = 10.0.40219.1
Project("{FAE04EC0-301F-11D3-BF4B-00C04F79EFBC}") = "leetcode_202", "leetcode_202\leetcode_202.csproj", "{355018B1-E4A7-4AA9-923D-2264204F0C3F}"
EndProject
Global
	GlobalSection(SolutionConfigurationPlatforms) = preSolution
		Debug|Any CPU = Debug|Any CPU
		Release|Any CPU = Release|Any CPU
	EndGlobalSection
	GlobalSection(ProjectConfigurationPlatforms) = postSolution
		{355018B1-E4A7-4AA9-923D-2264204F0C3F}.Debug|Any CPU.ActiveCfg = Debug|Any CPU
		{355018B1-E4A7-4AA9-923D-2264204F0C3F}.Debug|Any CPU.Build.0 = Debug|Any CPU
		{355018B1-E4A7-4AA9-923D-2264204F0C3F}.Release|Any CPU.ActiveCfg = Release|Any CPU
		{355018B1-E4A7-4AA9-923D-2264204F0C3F}.Release|Any CPU.Build.0 = Release|Any CPU
	EndGlobalSection
	GlobalSection(SolutionProperties) = preSolution
		HideSolutionNode = FALSE
	EndGlobalSection
	GlobalSection(ExtensibilityGlobals) = postSolution
		SolutionGuid = {3195D01D-7F5F-4BCC-A73A-50465BB1BFE0}
	EndGlobalSection
EndGlobal
